
Microsoft Visual Studio Solution File, Format Version 12.00
# Visual Studio Version 17
Project("{8BC9CEB8-8B4A-11D0-8D11-00A0C91BC942}") = "ALL_BUILD", "ALL_BUILD.vcxproj", "{A66B729E-8499-30EB-B6F1-A589FCB3705C}"
	ProjectSection(ProjectDependencies) = postProject
		{EF8F6C56-9E02-3318-922E-9084077192A1} = {EF8F6C56-9E02-3318-922E-9084077192A1}
		{C3F70A76-55FC-3F36-BF47-E814D8CF0172} = {C3F70A76-55FC-3F36-BF47-E814D8CF0172}
	EndProjectSection
EndProject
Project("{8BC9CEB8-8B4A-11D0-8D11-00A0C91BC942}") = "Tutorial", "Tutorial.vcxproj", "{EF8F6C56-9E02-3318-922E-9084077192A1}"
	ProjectSection(ProjectDependencies) = postProject
		{C3F70A76-55FC-3F36-BF47-E814D8CF0172} = {C3F70A76-55FC-3F36-BF47-E814D8CF0172}
	EndProjectSection
EndProject
Project("{8BC9CEB8-8B4A-11D0-8D11-00A0C91BC942}") = "ZERO_CHECK", "ZERO_CHECK.vcxproj", "{C3F70A76-55FC-3F36-BF47-E814D8CF0172}"
	ProjectSection(ProjectDependencies) = postProject
	EndProjectSection
EndProject
Global
	GlobalSection(SolutionConfigurationPlatforms) = preSolution
		Debug|x64 = Debug|x64
		Release|x64 = Release|x64
		MinSizeRel|x64 = MinSizeRel|x64
		RelWithDebInfo|x64 = RelWithDebInfo|x64
	EndGlobalSection
	GlobalSection(ProjectConfigurationPlatforms) = postSolution
		{A66B729E-8499-30EB-B6F1-A589FCB3705C}.Debug|x64.ActiveCfg = Debug|x64
		{A66B729E-8499-30EB-B6F1-A589FCB3705C}.Release|x64.ActiveCfg = Release|x64
		{A66B729E-8499-30EB-B6F1-A589FCB3705C}.MinSizeRel|x64.ActiveCfg = MinSizeRel|x64
		{A66B729E-8499-30EB-B6F1-A589FCB3705C}.RelWithDebInfo|x64.ActiveCfg = RelWithDebInfo|x64
		{EF8F6C56-9E02-3318-922E-9084077192A1}.Debug|x64.ActiveCfg = Debug|x64
		{EF8F6C56-9E02-3318-922E-9084077192A1}.Debug|x64.Build.0 = Debug|x64
		{EF8F6C56-9E02-3318-922E-9084077192A1}.Release|x64.ActiveCfg = Release|x64
		{EF8F6C56-9E02-3318-922E-9084077192A1}.Release|x64.Build.0 = Release|x64
		{EF8F6C56-9E02-3318-922E-9084077192A1}.MinSizeRel|x64.ActiveCfg = MinSizeRel|x64
		{EF8F6C56-9E02-3318-922E-9084077192A1}.MinSizeRel|x64.Build.0 = MinSizeRel|x64
		{EF8F6C56-9E02-3318-922E-9084077192A1}.RelWithDebInfo|x64.ActiveCfg = RelWithDebInfo|x64
		{EF8F6C56-9E02-3318-922E-9084077192A1}.RelWithDebInfo|x64.Build.0 = RelWithDebInfo|x64
		{C3F70A76-55FC-3F36-BF47-E814D8CF0172}.Debug|x64.ActiveCfg = Debug|x64
		{C3F70A76-55FC-3F36-BF47-E814D8CF0172}.Debug|x64.Build.0 = Debug|x64
		{C3F70A76-55FC-3F36-BF47-E814D8CF0172}.Release|x64.ActiveCfg = Release|x64
		{C3F70A76-55FC-3F36-BF47-E814D8CF0172}.Release|x64.Build.0 = Release|x64
		{C3F70A76-55FC-3F36-BF47-E814D8CF0172}.MinSizeRel|x64.ActiveCfg = MinSizeRel|x64
		{C3F70A76-55FC-3F36-BF47-E814D8CF0172}.MinSizeRel|x64.Build.0 = MinSizeRel|x64
		{C3F70A76-55FC-3F36-BF47-E814D8CF0172}.RelWithDebInfo|x64.ActiveCfg = RelWithDebInfo|x64
		{C3F70A76-55FC-3F36-BF47-E814D8CF0172}.RelWithDebInfo|x64.Build.0 = RelWithDebInfo|x64
	EndGlobalSection
	GlobalSection(ExtensibilityGlobals) = postSolution
		SolutionGuid = {78DA2214-7539-3222-8A78-FD1718C5C792}
	EndGlobalSection
	GlobalSection(ExtensibilityAddIns) = postSolution
	EndGlobalSection
EndGlobal
