<?xml version="1.0" encoding="utf-8"?>
<Project ToolsVersion="17.0" xmlns="http://schemas.microsoft.com/developer/msbuild/2003">
  <ItemGroup>
    <CustomBuild Include="D:\0 - Documents\test\c++test\cmake test3\CMake\Help\guide\tutorial\Step1_build\CMakeFiles\20729c5a75acb6b8593b6c8732a3e0ff\generate.stamp.rule">
      <Filter>CMake Rules</Filter>
    </CustomBuild>
  </ItemGroup>
  <ItemGroup>
    <Filter Include="CMake Rules">
      <UniqueIdentifier>{4C255D7F-1DCB-3626-B3E9-849F55440960}</UniqueIdentifier>
    </Filter>
  </ItemGroup>
</Project>
